
Microsoft Visual Studio Solution File, Format Version 12.00
# Visual Studio 15
VisualStudioVersion = 15.0.26403.3
MinimumVisualStudioVersion = 10.0.40219.1
Project("{9A19103F-16F7-4668-BE54-9A1E7A4F7556}") = "CoreFNBT", "CoreFNBT\CoreFNBT.csproj", "{0FF4C9B3-BD18-4BA0-97CE-84469791F279}"
EndProject
Project("{9A19103F-16F7-4668-BE54-9A1E7A4F7556}") = "CoreFNBT.Serialization", "CoreFNBT.Serialization\CoreFNBT.Serialization.csproj", "{DA51004C-F53C-43A2-B021-861C7AE3DD5A}"
EndProject
Project("{9A19103F-16F7-4668-BE54-9A1E7A4F7556}") = "CoreFNBT.Test", "CoreFNBT.Test\CoreFNBT.Test.csproj", "{1FEDAF61-70FE-4CAD-A72B-E9B5D4610D09}"
EndProject
Project("{2150E333-8FDC-42A3-9474-1A3956D46DE8}") = "Solution Items", "Solution Items", "{5CCC6425-9BF4-458F-A47D-B7C5D29FD2CF}"
	ProjectSection(SolutionItems) = preProject
		NuGet.config = NuGet.config
	EndProjectSection
EndProject
Global
	GlobalSection(SolutionConfigurationPlatforms) = preSolution
		Debug|Any CPU = Debug|Any CPU
		Release|Any CPU = Release|Any CPU
	EndGlobalSection
	GlobalSection(ProjectConfigurationPlatforms) = postSolution
		{0FF4C9B3-BD18-4BA0-97CE-84469791F279}.Debug|Any CPU.ActiveCfg = Debug|Any CPU
		{0FF4C9B3-BD18-4BA0-97CE-84469791F279}.Debug|Any CPU.Build.0 = Debug|Any CPU
		{0FF4C9B3-BD18-4BA0-97CE-84469791F279}.Release|Any CPU.ActiveCfg = Debug|Any CPU
		{0FF4C9B3-BD18-4BA0-97CE-84469791F279}.Release|Any CPU.Build.0 = Debug|Any CPU
		{DA51004C-F53C-43A2-B021-861C7AE3DD5A}.Debug|Any CPU.ActiveCfg = Debug|Any CPU
		{DA51004C-F53C-43A2-B021-861C7AE3DD5A}.Debug|Any CPU.Build.0 = Debug|Any CPU
		{DA51004C-F53C-43A2-B021-861C7AE3DD5A}.Release|Any CPU.ActiveCfg = Debug|Any CPU
		{DA51004C-F53C-43A2-B021-861C7AE3DD5A}.Release|Any CPU.Build.0 = Debug|Any CPU
		{1FEDAF61-70FE-4CAD-A72B-E9B5D4610D09}.Debug|Any CPU.ActiveCfg = Debug|Any CPU
		{1FEDAF61-70FE-4CAD-A72B-E9B5D4610D09}.Debug|Any CPU.Build.0 = Debug|Any CPU
		{1FEDAF61-70FE-4CAD-A72B-E9B5D4610D09}.Release|Any CPU.ActiveCfg = Debug|Any CPU
		{1FEDAF61-70FE-4CAD-A72B-E9B5D4610D09}.Release|Any CPU.Build.0 = Debug|Any CPU
	EndGlobalSection
	GlobalSection(SolutionProperties) = preSolution
		HideSolutionNode = FALSE
	EndGlobalSection
	GlobalSection(ExtensibilityGlobals) = postSolution
		SolutionGuid = {9F697DF9-695C-449F-BE34-EAFF65FB5B79}
	EndGlobalSection
EndGlobal
